
Microsoft Visual Studio Solution File, Format Version 12.00
# Visual Studio Version 16
VisualStudioVersion = 25.0.1706.4
MinimumVisualStudioVersion = 10.0.40219.1
Project("{FAE04EC0-301F-11D3-BF4B-00C04F79EFBC}") = "ModalPopupTest", "ModalPopupTest.csproj", "{3997B8A0-0B60-4DFA-8905-3B9D9504AD78}"
EndProject
Global
	GlobalSection(SolutionConfigurationPlatforms) = preSolution
		Debug|Any CPU = Debug|Any CPU
		Release|Any CPU = Release|Any CPU
	EndGlobalSection
	GlobalSection(ProjectConfigurationPlatforms) = postSolution
		{3997B8A0-0B60-4DFA-8905-3B9D9504AD78}.Debug|Any CPU.ActiveCfg = Debug|Any CPU
		{3997B8A0-0B60-4DFA-8905-3B9D9504AD78}.Debug|Any CPU.Build.0 = Debug|Any CPU
		{3997B8A0-0B60-4DFA-8905-3B9D9504AD78}.Release|Any CPU.ActiveCfg = Release|Any CPU
		{3997B8A0-0B60-4DFA-8905-3B9D9504AD78}.Release|Any CPU.Build.0 = Release|Any CPU
	EndGlobalSection
	GlobalSection(SolutionProperties) = preSolution
		HideSolutionNode = FALSE
	EndGlobalSection
	GlobalSection(ExtensibilityGlobals) = postSolution
		SolutionGuid = {03C2D4A4-F530-49A5-87E0-A6D6A38D8F5A}
	EndGlobalSection
EndGlobal
